
Microsoft Visual Studio Solution File, Format Version 12.00
# Visual Studio 2013
VisualStudioVersion = 12.0.31101.0
MinimumVisualStudioVersion = 10.0.40219.1
Project("{FAE04EC0-301F-11D3-BF4B-00C04F79EFBC}") = "Wzielin3.Private.MionWebSite", "Wzielin3.Private.MionWebSite\Wzielin3.Private.MionWebSite.csproj", "{4AEB81CC-7691-48DA-87AB-17D0C340E717}"
EndProject
Project("{2150E333-8FDC-42A3-9474-1A3956D46DE8}") = "Solution Items", "Solution Items", "{6491B6BD-4BFA-4AF8-89EC-810312BF186B}"
	ProjectSection(SolutionItems) = preProject
		WE-browsers.xml = WE-browsers.xml
	EndProjectSection
EndProject
Global
	GlobalSection(SolutionConfigurationPlatforms) = preSolution
		Debug|Any CPU = Debug|Any CPU
		Release|Any CPU = Release|Any CPU
	EndGlobalSection
	GlobalSection(ProjectConfigurationPlatforms) = postSolution
		{4AEB81CC-7691-48DA-87AB-17D0C340E717}.Debug|Any CPU.ActiveCfg = Debug|Any CPU
		{4AEB81CC-7691-48DA-87AB-17D0C340E717}.Debug|Any CPU.Build.0 = Debug|Any CPU
		{4AEB81CC-7691-48DA-87AB-17D0C340E717}.Release|Any CPU.ActiveCfg = Release|Any CPU
		{4AEB81CC-7691-48DA-87AB-17D0C340E717}.Release|Any CPU.Build.0 = Release|Any CPU
	EndGlobalSection
	GlobalSection(SolutionProperties) = preSolution
		HideSolutionNode = FALSE
	EndGlobalSection
EndGlobal
